
Microsoft Visual Studio Solution File, Format Version 12.00
# Visual Studio Version 17
VisualStudioVersion = 17.5.33424.131
MinimumVisualStudioVersion = 10.0.40219.1
Project("{FAE04EC0-301F-11D3-BF4B-00C04F79EFBC}") = "EaFramework", "EaFramework\EaFramework.csproj", "{9B5E9FED-9FA9-40F0-B4FA-A4D76EC8A6E3}"
EndProject
Project("{FAE04EC0-301F-11D3-BF4B-00C04F79EFBC}") = "EaApplicationTest", "EaApplicationTest\EaApplicationTest.csproj", "{553C44DD-AC3D-4233-B124-DDD23D5E0DC1}"
EndProject
Global
	GlobalSection(SolutionConfigurationPlatforms) = preSolution
		Debug|Any CPU = Debug|Any CPU
		Release|Any CPU = Release|Any CPU
	EndGlobalSection
	GlobalSection(ProjectConfigurationPlatforms) = postSolution
		{9B5E9FED-9FA9-40F0-B4FA-A4D76EC8A6E3}.Debug|Any CPU.ActiveCfg = Debug|Any CPU
		{9B5E9FED-9FA9-40F0-B4FA-A4D76EC8A6E3}.Debug|Any CPU.Build.0 = Debug|Any CPU
		{9B5E9FED-9FA9-40F0-B4FA-A4D76EC8A6E3}.Release|Any CPU.ActiveCfg = Release|Any CPU
		{9B5E9FED-9FA9-40F0-B4FA-A4D76EC8A6E3}.Release|Any CPU.Build.0 = Release|Any CPU
		{553C44DD-AC3D-4233-B124-DDD23D5E0DC1}.Debug|Any CPU.ActiveCfg = Debug|Any CPU
		{553C44DD-AC3D-4233-B124-DDD23D5E0DC1}.Debug|Any CPU.Build.0 = Debug|Any CPU
		{553C44DD-AC3D-4233-B124-DDD23D5E0DC1}.Release|Any CPU.ActiveCfg = Release|Any CPU
		{553C44DD-AC3D-4233-B124-DDD23D5E0DC1}.Release|Any CPU.Build.0 = Release|Any CPU
	EndGlobalSection
	GlobalSection(SolutionProperties) = preSolution
		HideSolutionNode = FALSE
	EndGlobalSection
	GlobalSection(ExtensibilityGlobals) = postSolution
		SolutionGuid = {52B734F9-6826-40EC-A043-83F3BFA1F8C4}
	EndGlobalSection
EndGlobal
